
Microsoft Visual Studio Solution File, Format Version 12.00
# Visual Studio Version 17
VisualStudioVersion = 17.11.35312.102
MinimumVisualStudioVersion = 10.0.40219.1
Project("{9A19103F-16F7-4668-BE54-9A1E7A4F7556}") = "PedidosAPI", "PedidosAPI\PedidosAPI.csproj", "{C7D1F063-9271-4BEF-88CA-D8E09F297963}"
EndProject
Project("{FAE04EC0-301F-11D3-BF4B-00C04F79EFBC}") = "ProdutoAPITests", "ProdutoAPITests\ProdutoAPITests.csproj", "{DAE7304B-E0DC-4530-80FF-E6E83A397763}"
EndProject
Global
	GlobalSection(SolutionConfigurationPlatforms) = preSolution
		Debug|Any CPU = Debug|Any CPU
		Release|Any CPU = Release|Any CPU
	EndGlobalSection
	GlobalSection(ProjectConfigurationPlatforms) = postSolution
		{C7D1F063-9271-4BEF-88CA-D8E09F297963}.Debug|Any CPU.ActiveCfg = Debug|Any CPU
		{C7D1F063-9271-4BEF-88CA-D8E09F297963}.Debug|Any CPU.Build.0 = Debug|Any CPU
		{C7D1F063-9271-4BEF-88CA-D8E09F297963}.Release|Any CPU.ActiveCfg = Release|Any CPU
		{C7D1F063-9271-4BEF-88CA-D8E09F297963}.Release|Any CPU.Build.0 = Release|Any CPU
		{DAE7304B-E0DC-4530-80FF-E6E83A397763}.Debug|Any CPU.ActiveCfg = Debug|Any CPU
		{DAE7304B-E0DC-4530-80FF-E6E83A397763}.Debug|Any CPU.Build.0 = Debug|Any CPU
		{DAE7304B-E0DC-4530-80FF-E6E83A397763}.Release|Any CPU.ActiveCfg = Release|Any CPU
		{DAE7304B-E0DC-4530-80FF-E6E83A397763}.Release|Any CPU.Build.0 = Release|Any CPU
	EndGlobalSection
	GlobalSection(SolutionProperties) = preSolution
		HideSolutionNode = FALSE
	EndGlobalSection
	GlobalSection(ExtensibilityGlobals) = postSolution
		SolutionGuid = {16208971-0490-4B28-AF5E-183E66EE2C13}
	EndGlobalSection
EndGlobal
